
Microsoft Visual Studio Solution File, Format Version 12.00
# Visual Studio Version 17
VisualStudioVersion = 17.5.33414.496
MinimumVisualStudioVersion = 10.0.40219.1
Project("{2150E333-8FDC-42A3-9474-1A3956D46DE8}") = "src", "src", "{42B4394E-9F12-4268-84C6-274273E20FD1}"
EndProject
Project("{FAE04EC0-301F-11D3-BF4B-00C04F79EFBC}") = "API", "API\API.csproj", "{1B0EA189-149C-4D7C-8BA5-5AB161C86983}"
EndProject
Project("{FAE04EC0-301F-11D3-BF4B-00C04F79EFBC}") = "DAL", "DAL\DAL.csproj", "{9A0DBCB2-C83B-4401-B162-F139E92642CF}"
EndProject
Project("{FAE04EC0-301F-11D3-BF4B-00C04F79EFBC}") = "BLL", "BLL\BLL.csproj", "{5BD61AEA-B350-4C6A-9509-BAA41DB8B71B}"
EndProject
Project("{FAE04EC0-301F-11D3-BF4B-00C04F79EFBC}") = "MODEL", "MODEL\MODEL.csproj", "{0B549D11-C439-465B-B4C7-AF931D7F2208}"
EndProject
Project("{FAE04EC0-301F-11D3-BF4B-00C04F79EFBC}") = "IOC", "IOC\IOC.csproj", "{9F270E78-ACCE-4263-9999-B4032C8C7195}"
EndProject
Project("{FAE04EC0-301F-11D3-BF4B-00C04F79EFBC}") = "DTO", "DTO\DTO.csproj", "{9F463F7A-55C8-4EAB-B70D-62926105AC2C}"
EndProject
Project("{FAE04EC0-301F-11D3-BF4B-00C04F79EFBC}") = "UTILITY", "UTILITY\UTILITY.csproj", "{08E52DF5-678C-40E6-9F97-5334605489AE}"
EndProject
Global
	GlobalSection(SolutionConfigurationPlatforms) = preSolution
		Debug|Any CPU = Debug|Any CPU
		Release|Any CPU = Release|Any CPU
	EndGlobalSection
	GlobalSection(ProjectConfigurationPlatforms) = postSolution
		{1B0EA189-149C-4D7C-8BA5-5AB161C86983}.Debug|Any CPU.ActiveCfg = Debug|Any CPU
		{1B0EA189-149C-4D7C-8BA5-5AB161C86983}.Debug|Any CPU.Build.0 = Debug|Any CPU
		{1B0EA189-149C-4D7C-8BA5-5AB161C86983}.Release|Any CPU.ActiveCfg = Release|Any CPU
		{1B0EA189-149C-4D7C-8BA5-5AB161C86983}.Release|Any CPU.Build.0 = Release|Any CPU
		{9A0DBCB2-C83B-4401-B162-F139E92642CF}.Debug|Any CPU.ActiveCfg = Debug|Any CPU
		{9A0DBCB2-C83B-4401-B162-F139E92642CF}.Debug|Any CPU.Build.0 = Debug|Any CPU
		{9A0DBCB2-C83B-4401-B162-F139E92642CF}.Release|Any CPU.ActiveCfg = Release|Any CPU
		{9A0DBCB2-C83B-4401-B162-F139E92642CF}.Release|Any CPU.Build.0 = Release|Any CPU
		{5BD61AEA-B350-4C6A-9509-BAA41DB8B71B}.Debug|Any CPU.ActiveCfg = Debug|Any CPU
		{5BD61AEA-B350-4C6A-9509-BAA41DB8B71B}.Debug|Any CPU.Build.0 = Debug|Any CPU
		{5BD61AEA-B350-4C6A-9509-BAA41DB8B71B}.Release|Any CPU.ActiveCfg = Release|Any CPU
		{5BD61AEA-B350-4C6A-9509-BAA41DB8B71B}.Release|Any CPU.Build.0 = Release|Any CPU
		{0B549D11-C439-465B-B4C7-AF931D7F2208}.Debug|Any CPU.ActiveCfg = Debug|Any CPU
		{0B549D11-C439-465B-B4C7-AF931D7F2208}.Debug|Any CPU.Build.0 = Debug|Any CPU
		{0B549D11-C439-465B-B4C7-AF931D7F2208}.Release|Any CPU.ActiveCfg = Release|Any CPU
		{0B549D11-C439-465B-B4C7-AF931D7F2208}.Release|Any CPU.Build.0 = Release|Any CPU
		{9F270E78-ACCE-4263-9999-B4032C8C7195}.Debug|Any CPU.ActiveCfg = Debug|Any CPU
		{9F270E78-ACCE-4263-9999-B4032C8C7195}.Debug|Any CPU.Build.0 = Debug|Any CPU
		{9F270E78-ACCE-4263-9999-B4032C8C7195}.Release|Any CPU.ActiveCfg = Release|Any CPU
		{9F270E78-ACCE-4263-9999-B4032C8C7195}.Release|Any CPU.Build.0 = Release|Any CPU
		{9F463F7A-55C8-4EAB-B70D-62926105AC2C}.Debug|Any CPU.ActiveCfg = Debug|Any CPU
		{9F463F7A-55C8-4EAB-B70D-62926105AC2C}.Debug|Any CPU.Build.0 = Debug|Any CPU
		{9F463F7A-55C8-4EAB-B70D-62926105AC2C}.Release|Any CPU.ActiveCfg = Release|Any CPU
		{9F463F7A-55C8-4EAB-B70D-62926105AC2C}.Release|Any CPU.Build.0 = Release|Any CPU
		{08E52DF5-678C-40E6-9F97-5334605489AE}.Debug|Any CPU.ActiveCfg = Debug|Any CPU
		{08E52DF5-678C-40E6-9F97-5334605489AE}.Debug|Any CPU.Build.0 = Debug|Any CPU
		{08E52DF5-678C-40E6-9F97-5334605489AE}.Release|Any CPU.ActiveCfg = Release|Any CPU
		{08E52DF5-678C-40E6-9F97-5334605489AE}.Release|Any CPU.Build.0 = Release|Any CPU
	EndGlobalSection
	GlobalSection(SolutionProperties) = preSolution
		HideSolutionNode = FALSE
	EndGlobalSection
	GlobalSection(NestedProjects) = preSolution
		{1B0EA189-149C-4D7C-8BA5-5AB161C86983} = {42B4394E-9F12-4268-84C6-274273E20FD1}
		{9A0DBCB2-C83B-4401-B162-F139E92642CF} = {42B4394E-9F12-4268-84C6-274273E20FD1}
		{5BD61AEA-B350-4C6A-9509-BAA41DB8B71B} = {42B4394E-9F12-4268-84C6-274273E20FD1}
		{0B549D11-C439-465B-B4C7-AF931D7F2208} = {42B4394E-9F12-4268-84C6-274273E20FD1}
		{9F270E78-ACCE-4263-9999-B4032C8C7195} = {42B4394E-9F12-4268-84C6-274273E20FD1}
		{9F463F7A-55C8-4EAB-B70D-62926105AC2C} = {42B4394E-9F12-4268-84C6-274273E20FD1}
		{08E52DF5-678C-40E6-9F97-5334605489AE} = {42B4394E-9F12-4268-84C6-274273E20FD1}
	EndGlobalSection
	GlobalSection(ExtensibilityGlobals) = postSolution
		SolutionGuid = {F7481D8E-9672-4541-9DE8-772B44820411}
	EndGlobalSection
EndGlobal
